
Microsoft Visual Studio Solution File, Format Version 12.00
Project("{FAE04EC0-301F-11D3-BF4B-00C04F79EFBC}") = "CSharpModularSkeleton", "CSharpModularSkeleton\CSharpModularSkeleton.csproj", "{DA5547BE-F02E-4EED-ABE2-1B26EFBE122B}"
EndProject
Project("{2150E333-8FDC-42A3-9474-1A3956D46DE8}") = "Solution Items", "Solution Items", "{D92775FF-680C-4201-B6C7-8844909A3E0F}"
EndProject
Project("{2150E333-8FDC-42A3-9474-1A3956D46DE8}") = "Modules", "Modules", "{2F44F363-F83B-4C6D-989B-D1D1E1A7213D}"
EndProject
Project("{FAE04EC0-301F-11D3-BF4B-00C04F79EFBC}") = "DataStorage", "DataStorage\DataStorage.csproj", "{767E08D1-2DC7-4DD0-9FFC-A01F9667FD62}"
EndProject
Project("{FAE04EC0-301F-11D3-BF4B-00C04F79EFBC}") = "Shared", "Shared\Shared.csproj", "{E3A0A8B0-CF59-43F0-8D3A-EFF3660157D1}"
EndProject
Project("{FAE04EC0-301F-11D3-BF4B-00C04F79EFBC}") = "Logging", "Logging\Logging.csproj", "{A94FFF6A-FDCF-4A49-995E-5D2E9D677117}"
EndProject
Project("{FAE04EC0-301F-11D3-BF4B-00C04F79EFBC}") = "Messaging", "Messaging\Messaging.csproj", "{C8BC92FF-14FC-4686-A271-0FC8544AE8A9}"
EndProject
Project("{2150E333-8FDC-42A3-9474-1A3956D46DE8}") = "Core", "Core", "{1FCE610E-44E9-4763-A127-6D7660227C63}"
EndProject

Global
	GlobalSection(SolutionConfigurationPlatforms) = preSolution
		Debug|Any CPU = Debug|Any CPU
		Release|Any CPU = Release|Any CPU
	EndGlobalSection
	GlobalSection(ProjectConfigurationPlatforms) = postSolution
		{DA5547BE-F02E-4EED-ABE2-1B26EFBE122B}.Debug|Any CPU.ActiveCfg = Debug|Any CPU
		{DA5547BE-F02E-4EED-ABE2-1B26EFBE122B}.Debug|Any CPU.Build.0 = Debug|Any CPU
		{DA5547BE-F02E-4EED-ABE2-1B26EFBE122B}.Release|Any CPU.ActiveCfg = Release|Any CPU
		{DA5547BE-F02E-4EED-ABE2-1B26EFBE122B}.Release|Any CPU.Build.0 = Release|Any CPU
		{767E08D1-2DC7-4DD0-9FFC-A01F9667FD62}.Debug|Any CPU.ActiveCfg = Debug|Any CPU
		{767E08D1-2DC7-4DD0-9FFC-A01F9667FD62}.Debug|Any CPU.Build.0 = Debug|Any CPU
		{767E08D1-2DC7-4DD0-9FFC-A01F9667FD62}.Release|Any CPU.ActiveCfg = Release|Any CPU
		{767E08D1-2DC7-4DD0-9FFC-A01F9667FD62}.Release|Any CPU.Build.0 = Release|Any CPU
		{E3A0A8B0-CF59-43F0-8D3A-EFF3660157D1}.Debug|Any CPU.ActiveCfg = Debug|Any CPU
		{E3A0A8B0-CF59-43F0-8D3A-EFF3660157D1}.Debug|Any CPU.Build.0 = Debug|Any CPU
		{E3A0A8B0-CF59-43F0-8D3A-EFF3660157D1}.Release|Any CPU.ActiveCfg = Release|Any CPU
		{E3A0A8B0-CF59-43F0-8D3A-EFF3660157D1}.Release|Any CPU.Build.0 = Release|Any CPU
		{A94FFF6A-FDCF-4A49-995E-5D2E9D677117}.Debug|Any CPU.ActiveCfg = Debug|Any CPU
		{A94FFF6A-FDCF-4A49-995E-5D2E9D677117}.Debug|Any CPU.Build.0 = Debug|Any CPU
		{A94FFF6A-FDCF-4A49-995E-5D2E9D677117}.Release|Any CPU.ActiveCfg = Release|Any CPU
		{A94FFF6A-FDCF-4A49-995E-5D2E9D677117}.Release|Any CPU.Build.0 = Release|Any CPU
		{C8BC92FF-14FC-4686-A271-0FC8544AE8A9}.Debug|Any CPU.ActiveCfg = Debug|Any CPU
		{C8BC92FF-14FC-4686-A271-0FC8544AE8A9}.Debug|Any CPU.Build.0 = Debug|Any CPU
		{C8BC92FF-14FC-4686-A271-0FC8544AE8A9}.Release|Any CPU.ActiveCfg = Release|Any CPU
		{C8BC92FF-14FC-4686-A271-0FC8544AE8A9}.Release|Any CPU.Build.0 = Release|Any CPU
	EndGlobalSection
	GlobalSection(NestedProjects) = preSolution
		{C8BC92FF-14FC-4686-A271-0FC8544AE8A9} = {1FCE610E-44E9-4763-A127-6D7660227C63}
		{A94FFF6A-FDCF-4A49-995E-5D2E9D677117} = {1FCE610E-44E9-4763-A127-6D7660227C63}
		{767E08D1-2DC7-4DD0-9FFC-A01F9667FD62} = {1FCE610E-44E9-4763-A127-6D7660227C63}
		{E3A0A8B0-CF59-43F0-8D3A-EFF3660157D1} = {1FCE610E-44E9-4763-A127-6D7660227C63}
	EndGlobalSection
EndGlobal
